Microsoft Visual Studio Solution File, Format Version 12.00
# Visual Studio 15
VisualStudioVersion = 15.0.28307.705
MinimumVisualStudioVersion = 10.0.40219.1
Project("{FAE04EC0-301F-11D3-BF4B-00C04F79EFBC}") = "07. Introduction to Classes", "2. Classes\07. Introduction to Classes\07. Introduction to Classes.csproj", "{B9B989B1-B1AE-4977-8B59-3947586D38F6}"
EndProject
Project("{FAE04EC0-301F-11D3-BF4B-00C04F79EFBC}") = "08. Constructors", "2. Classes\08. Constructors\08. Constructors.csproj", "{2D25701B-61AB-47CA-BB07-45BD2A2DD8C3}"
EndProject
Project("{FAE04EC0-301F-11D3-BF4B-00C04F79EFBC}") = "09. Object Initializers", "2. Classes\09. Object Initializers\09. Object Initializers.csproj", "{6AF97347-3993-4F3C-9A14-7978C7BAFE6C}"
EndProject
Project("{FAE04EC0-301F-11D3-BF4B-00C04F79EFBC}") = "10. Methods", "2. Classes\10. Methods\10. Methods.csproj", "{FE3158DB-DB85-4032-8856-43050D9BA5F1}"
EndProject
Project("{FAE04EC0-301F-11D3-BF4B-00C04F79EFBC}") = "11. Fields", "2. Classes\11. Fields\11. Fields.csproj", "{438EDD1D-30B2-47CB-B5D4-AFDC37593CFA}"
EndProject
Project("{FAE04EC0-301F-11D3-BF4B-00C04F79EFBC}") = "12. Access Modifier", "2. Classes\12. Access Modifier\12. Access Modifier.csproj", "{15503CDF-7117-49E2-BA62-86AAC87D27F1}"
EndProject
Project("{FAE04EC0-301F-11D3-BF4B-00C04F79EFBC}") = "13. Properties", "2. Classes\13. Properties\13. Properties.csproj", "{358A3239-892D-46DF-9D24-8595A5105DE2}"
EndProject
Project("{FAE04EC0-301F-11D3-BF4B-00C04F79EFBC}") = "14. Indexer", "2. Classes\14. Indexer\14. Indexer.csproj", "{36DD4A3E-F3D3-4C23-914B-4D93D5391318}"
EndProject
Project("{FAE04EC0-301F-11D3-BF4B-00C04F79EFBC}") = "18. Inheritance", "3. Associatrion between classes\18. Inheritance\18. Inheritance.csproj", "{2E736775-C935-4B18-A80E-A3280E46EF8F}"
EndProject
Project("{2150E333-8FDC-42A3-9474-1A3956D46DE8}") = "2. Classes", "2. Classes", "{06387A5D-5250-49F4-8B79-E868F806D0DA}"
	ProjectSection(SolutionItems) = preProject
		Exercises-Classes.pdf = Exercises-Classes.pdf
		Summary-Classes.pdf = Summary-Classes.pdf
	EndProjectSection
EndProject
Project("{2150E333-8FDC-42A3-9474-1A3956D46DE8}") = "3. Associatrion between classes", "3. Associatrion between classes", "{B6926AD0-CB9E-48CA-A4C6-E94867CC57A0}"
	ProjectSection(SolutionItems) = preProject
		Summary-Association-between-Classes.pdf = Summary-Association-between-Classes.pdf
	EndProjectSection
EndProject
Project("{FAE04EC0-301F-11D3-BF4B-00C04F79EFBC}") = "19. Composition", "3. Associatrion between classes\19. Composition\19. Composition.csproj", "{2F929B95-88CD-485F-A2EA-AD13D7BF7CBE}"
EndProject
Project("{FAE04EC0-301F-11D3-BF4B-00C04F79EFBC}") = "20. Favour Composition over Inheritance", "3. Associatrion between classes\20. Favour Composition over Inheritance\20. Favour Composition over Inheritance.csproj", "{E5F98A98-F347-4F9B-B6F5-FB1EA300E7EB}"
EndProject
Project("{2150E333-8FDC-42A3-9474-1A3956D46DE8}") = "4. Inheritance - Second Pillar of OOP", "4. Inheritance - Second Pillar of OOP", "{805C9AAE-C80B-4E93-BA5B-927A0C9E5C78}"
	ProjectSection(SolutionItems) = preProject
		..\..\..\..\Downloads\Exercises-Inheritance.pdf = ..\..\..\..\Downloads\Exercises-Inheritance.pdf
		4. Inheritance - Second Pillar of OOP\Summary-Inheritance.pdf = 4. Inheritance - Second Pillar of OOP\Summary-Inheritance.pdf
	EndProjectSection
EndProject
Project("{FAE04EC0-301F-11D3-BF4B-00C04F79EFBC}") = "22. Access Modifiers", "4. Inheritance - Second Pillar of OOP\22. Access Modifiers\22. Access Modifiers.csproj", "{653958C2-A843-42CC-AE7A-1B18343A9DBA}"
EndProject
Project("{FAE04EC0-301F-11D3-BF4B-00C04F79EFBC}") = "22. Amazon", "4. Inheritance - Second Pillar of OOP\22. Amazon\22. Amazon.csproj", "{64A7A4D0-032C-439A-9D90-A8014AB21D37}"
EndProject
Project("{FAE04EC0-301F-11D3-BF4B-00C04F79EFBC}") = "23. Constructors and Inheritance", "4. Inheritance - Second Pillar of OOP\23. Constructors and Inheritance\23. Constructors and Inheritance.csproj", "{FAA37821-DB61-423B-AF16-867996C38A0C}"
EndProject
Project("{FAE04EC0-301F-11D3-BF4B-00C04F79EFBC}") = "24. Upcasting and Downcasting", "4. Inheritance - Second Pillar of OOP\24. Upcasting and Downcasting\24. Upcasting and Downcasting.csproj", "{E84D1B1C-3676-4685-89EE-F1BE6F4D9F3A}"
EndProject
Project("{FAE04EC0-301F-11D3-BF4B-00C04F79EFBC}") = "24. WpfApp1", "4. Inheritance - Second Pillar of OOP\24. WpfApp1\24. WpfApp1.csproj", "{96A91B1C-E53B-40A0-9B29-EE0F5FDEFBB3}"
EndProject
Project("{FAE04EC0-301F-11D3-BF4B-00C04F79EFBC}") = "25. Boxing and Unboxing", "4. Inheritance - Second Pillar of OOP\25. Boxing and Unboxing\25. Boxing and Unboxing.csproj", "{027B9AB9-9F8F-4C19-AF84-E8E338EF4CDB}"
EndProject
Project("{FAE04EC0-301F-11D3-BF4B-00C04F79EFBC}") = "28. Method Overriding", "5. Polymorphism - Third Pillar of OOP\28. Method Overriding\28. Method Overriding.csproj", "{0B81D02A-5F40-4771-9888-FC161D3FE8F0}"
EndProject
Project("{FAE04EC0-301F-11D3-BF4B-00C04F79EFBC}") = "29. Abstract Classes and Members", "5. Polymorphism - Third Pillar of OOP\29. Abstract Classes and Members\29. Abstract Classes and Members.csproj", "{77F7C169-BD94-4DEA-850F-41C087D4F152}"
EndProject
Project("{FAE04EC0-301F-11D3-BF4B-00C04F79EFBC}") = "30. Sealed Classes and Members", "5. Polymorphism - Third Pillar of OOP\30. Sealed Classes and Members\30. Sealed Classes and Members.csproj", "{FF06DA76-4BC7-4320-8E4A-E5954E6A7191}"
EndProject
Project("{2150E333-8FDC-42A3-9474-1A3956D46DE8}") = "5. Polymorphism - Third Pillar of OOP", "5. Polymorphism - Third Pillar of OOP", "{7011A0D2-1F03-4E43-B121-17B3676EA63C}"
	ProjectSection(SolutionItems) = preProject
		..\..\..\..\Downloads\Exercises-Polymorphism.pdf = ..\..\..\..\Downloads\Exercises-Polymorphism.pdf
		..\..\..\..\Downloads\Summary-Polymorphism.pdf = ..\..\..\..\Downloads\Summary-Polymorphism.pdf
	EndProjectSection
EndProject
Project("{2150E333-8FDC-42A3-9474-1A3956D46DE8}") = "6. Interfaces", "6. Interfaces", "{910EF695-9A17-4246-B23D-0CB120B3050A}"
EndProject
Project("{FAE04EC0-301F-11D3-BF4B-00C04F79EFBC}") = "34. Interfaces and Testability", "6. Interfaces\34. Interfaces and Testability\34. Interfaces and Testability.csproj", "{1474767A-7A98-4087-B7E2-CB10657A8EBF}"
EndProject
Project("{FAE04EC0-301F-11D3-BF4B-00C04F79EFBC}") = "34. Testability.UnitTests", "6. Interfaces\34. Testability.UnitTests\34. Testability.UnitTests.csproj", "{E10B3251-EA14-49C2-B43B-20F6C397ED32}"
EndProject
Project("{FAE04EC0-301F-11D3-BF4B-00C04F79EFBC}") = "35. Interfaces and Extensibility", "6. Interfaces\35. Interfaces and Extensibility\35. Interfaces and Extensibility.csproj", "{1C3C1CCC-162E-4ED0-90F2-CD9EA342D11F}"
EndProject
Global
	GlobalSection(SolutionConfigurationPlatforms) = preSolution
		Debug|Any CPU = Debug|Any CPU
		Release|Any CPU = Release|Any CPU
	EndGlobalSection
	GlobalSection(ProjectConfigurationPlatforms) = postSolution
		{B9B989B1-B1AE-4977-8B59-3947586D38F6}.Debug|Any CPU.ActiveCfg = Debug|Any CPU
		{B9B989B1-B1AE-4977-8B59-3947586D38F6}.Debug|Any CPU.Build.0 = Debug|Any CPU
		{B9B989B1-B1AE-4977-8B59-3947586D38F6}.Release|Any CPU.ActiveCfg = Release|Any CPU
		{B9B989B1-B1AE-4977-8B59-3947586D38F6}.Release|Any CPU.Build.0 = Release|Any CPU
		{2D25701B-61AB-47CA-BB07-45BD2A2DD8C3}.Debug|Any CPU.ActiveCfg = Debug|Any CPU
		{2D25701B-61AB-47CA-BB07-45BD2A2DD8C3}.Debug|Any CPU.Build.0 = Debug|Any CPU
		{2D25701B-61AB-47CA-BB07-45BD2A2DD8C3}.Release|Any CPU.ActiveCfg = Release|Any CPU
		{2D25701B-61AB-47CA-BB07-45BD2A2DD8C3}.Release|Any CPU.Build.0 = Release|Any CPU
		{6AF97347-3993-4F3C-9A14-7978C7BAFE6C}.Debug|Any CPU.ActiveCfg = Debug|Any CPU
		{6AF97347-3993-4F3C-9A14-7978C7BAFE6C}.Debug|Any CPU.Build.0 = Debug|Any CPU
		{6AF97347-3993-4F3C-9A14-7978C7BAFE6C}.Release|Any CPU.ActiveCfg = Release|Any CPU
		{6AF97347-3993-4F3C-9A14-7978C7BAFE6C}.Release|Any CPU.Build.0 = Release|Any CPU
		{FE3158DB-DB85-4032-8856-43050D9BA5F1}.Debug|Any CPU.ActiveCfg = Debug|Any CPU
		{FE3158DB-DB85-4032-8856-43050D9BA5F1}.Debug|Any CPU.Build.0 = Debug|Any CPU
		{FE3158DB-DB85-4032-8856-43050D9BA5F1}.Release|Any CPU.ActiveCfg = Release|Any CPU
		{FE3158DB-DB85-4032-8856-43050D9BA5F1}.Release|Any CPU.Build.0 = Release|Any CPU
		{438EDD1D-30B2-47CB-B5D4-AFDC37593CFA}.Debug|Any CPU.ActiveCfg = Debug|Any CPU
		{438EDD1D-30B2-47CB-B5D4-AFDC37593CFA}.Debug|Any CPU.Build.0 = Debug|Any CPU
		{438EDD1D-30B2-47CB-B5D4-AFDC37593CFA}.Release|Any CPU.ActiveCfg = Release|Any CPU
		{438EDD1D-30B2-47CB-B5D4-AFDC37593CFA}.Release|Any CPU.Build.0 = Release|Any CPU
		{15503CDF-7117-49E2-BA62-86AAC87D27F1}.Debug|Any CPU.ActiveCfg = Debug|Any CPU
		{15503CDF-7117-49E2-BA62-86AAC87D27F1}.Debug|Any CPU.Build.0 = Debug|Any CPU
		{15503CDF-7117-49E2-BA62-86AAC87D27F1}.Release|Any CPU.ActiveCfg = Release|Any CPU
		{15503CDF-7117-49E2-BA62-86AAC87D27F1}.Release|Any CPU.Build.0 = Release|Any CPU
		{358A3239-892D-46DF-9D24-8595A5105DE2}.Debug|Any CPU.ActiveCfg = Debug|Any CPU
		{358A3239-892D-46DF-9D24-8595A5105DE2}.Debug|Any CPU.Build.0 = Debug|Any CPU
		{358A3239-892D-46DF-9D24-8595A5105DE2}.Release|Any CPU.ActiveCfg = Release|Any CPU
		{358A3239-892D-46DF-9D24-8595A5105DE2}.Release|Any CPU.Build.0 = Release|Any CPU
		{36DD4A3E-F3D3-4C23-914B-4D93D5391318}.Debug|Any CPU.ActiveCfg = Debug|Any CPU
		{36DD4A3E-F3D3-4C23-914B-4D93D5391318}.Debug|Any CPU.Build.0 = Debug|Any CPU
		{36DD4A3E-F3D3-4C23-914B-4D93D5391318}.Release|Any CPU.ActiveCfg = Release|Any CPU
		{36DD4A3E-F3D3-4C23-914B-4D93D5391318}.Release|Any CPU.Build.0 = Release|Any CPU
		{2E736775-C935-4B18-A80E-A3280E46EF8F}.Debug|Any CPU.ActiveCfg = Debug|Any CPU
		{2E736775-C935-4B18-A80E-A3280E46EF8F}.Debug|Any CPU.Build.0 = Debug|Any CPU
		{2E736775-C935-4B18-A80E-A3280E46EF8F}.Release|Any CPU.ActiveCfg = Release|Any CPU
		{2E736775-C935-4B18-A80E-A3280E46EF8F}.Release|Any CPU.Build.0 = Release|Any CPU
		{2F929B95-88CD-485F-A2EA-AD13D7BF7CBE}.Debug|Any CPU.ActiveCfg = Debug|Any CPU
		{2F929B95-88CD-485F-A2EA-AD13D7BF7CBE}.Debug|Any CPU.Build.0 = Debug|Any CPU
		{2F929B95-88CD-485F-A2EA-AD13D7BF7CBE}.Release|Any CPU.ActiveCfg = Release|Any CPU
		{2F929B95-88CD-485F-A2EA-AD13D7BF7CBE}.Release|Any CPU.Build.0 = Release|Any CPU
		{E5F98A98-F347-4F9B-B6F5-FB1EA300E7EB}.Debug|Any CPU.ActiveCfg = Debug|Any CPU
		{E5F98A98-F347-4F9B-B6F5-FB1EA300E7EB}.Debug|Any CPU.Build.0 = Debug|Any CPU
		{E5F98A98-F347-4F9B-B6F5-FB1EA300E7EB}.Release|Any CPU.ActiveCfg = Release|Any CPU
		{E5F98A98-F347-4F9B-B6F5-FB1EA300E7EB}.Release|Any CPU.Build.0 = Release|Any CPU
		{653958C2-A843-42CC-AE7A-1B18343A9DBA}.Debug|Any CPU.ActiveCfg = Debug|Any CPU
		{653958C2-A843-42CC-AE7A-1B18343A9DBA}.Debug|Any CPU.Build.0 = Debug|Any CPU
		{653958C2-A843-42CC-AE7A-1B18343A9DBA}.Release|Any CPU.ActiveCfg = Release|Any CPU
		{653958C2-A843-42CC-AE7A-1B18343A9DBA}.Release|Any CPU.Build.0 = Release|Any CPU
		{64A7A4D0-032C-439A-9D90-A8014AB21D37}.Debug|Any CPU.ActiveCfg = Debug|Any CPU
		{64A7A4D0-032C-439A-9D90-A8014AB21D37}.Debug|Any CPU.Build.0 = Debug|Any CPU
		{64A7A4D0-032C-439A-9D90-A8014AB21D37}.Release|Any CPU.ActiveCfg = Release|Any CPU
		{64A7A4D0-032C-439A-9D90-A8014AB21D37}.Release|Any CPU.Build.0 = Release|Any CPU
		{FAA37821-DB61-423B-AF16-867996C38A0C}.Debug|Any CPU.ActiveCfg = Debug|Any CPU
		{FAA37821-DB61-423B-AF16-867996C38A0C}.Debug|Any CPU.Build.0 = Debug|Any CPU
		{FAA37821-DB61-423B-AF16-867996C38A0C}.Release|Any CPU.ActiveCfg = Release|Any CPU
		{FAA37821-DB61-423B-AF16-867996C38A0C}.Release|Any CPU.Build.0 = Release|Any CPU
		{E84D1B1C-3676-4685-89EE-F1BE6F4D9F3A}.Debug|Any CPU.ActiveCfg = Debug|Any CPU
		{E84D1B1C-3676-4685-89EE-F1BE6F4D9F3A}.Debug|Any CPU.Build.0 = Debug|Any CPU
		{E84D1B1C-3676-4685-89EE-F1BE6F4D9F3A}.Release|Any CPU.ActiveCfg = Release|Any CPU
		{E84D1B1C-3676-4685-89EE-F1BE6F4D9F3A}.Release|Any CPU.Build.0 = Release|Any CPU
		{96A91B1C-E53B-40A0-9B29-EE0F5FDEFBB3}.Debug|Any CPU.ActiveCfg = Debug|Any CPU
		{96A91B1C-E53B-40A0-9B29-EE0F5FDEFBB3}.Debug|Any CPU.Build.0 = Debug|Any CPU
		{96A91B1C-E53B-40A0-9B29-EE0F5FDEFBB3}.Release|Any CPU.ActiveCfg = Release|Any CPU
		{96A91B1C-E53B-40A0-9B29-EE0F5FDEFBB3}.Release|Any CPU.Build.0 = Release|Any CPU
		{027B9AB9-9F8F-4C19-AF84-E8E338EF4CDB}.Debug|Any CPU.ActiveCfg = Debug|Any CPU
		{027B9AB9-9F8F-4C19-AF84-E8E338EF4CDB}.Debug|Any CPU.Build.0 = Debug|Any CPU
		{027B9AB9-9F8F-4C19-AF84-E8E338EF4CDB}.Release|Any CPU.ActiveCfg = Release|Any CPU
		{027B9AB9-9F8F-4C19-AF84-E8E338EF4CDB}.Release|Any CPU.Build.0 = Release|Any CPU
		{0B81D02A-5F40-4771-9888-FC161D3FE8F0}.Debug|Any CPU.ActiveCfg = Debug|Any CPU
		{0B81D02A-5F40-4771-9888-FC161D3FE8F0}.Debug|Any CPU.Build.0 = Debug|Any CPU
		{0B81D02A-5F40-4771-9888-FC161D3FE8F0}.Release|Any CPU.ActiveCfg = Release|Any CPU
		{0B81D02A-5F40-4771-9888-FC161D3FE8F0}.Release|Any CPU.Build.0 = Release|Any CPU
		{77F7C169-BD94-4DEA-850F-41C087D4F152}.Debug|Any CPU.ActiveCfg = Debug|Any CPU
		{77F7C169-BD94-4DEA-850F-41C087D4F152}.Debug|Any CPU.Build.0 = Debug|Any CPU
		{77F7C169-BD94-4DEA-850F-41C087D4F152}.Release|Any CPU.ActiveCfg = Release|Any CPU
		{77F7C169-BD94-4DEA-850F-41C087D4F152}.Release|Any CPU.Build.0 = Release|Any CPU
		{FF06DA76-4BC7-4320-8E4A-E5954E6A7191}.Debug|Any CPU.ActiveCfg = Debug|Any CPU
		{FF06DA76-4BC7-4320-8E4A-E5954E6A7191}.Debug|Any CPU.Build.0 = Debug|Any CPU
		{FF06DA76-4BC7-4320-8E4A-E5954E6A7191}.Release|Any CPU.ActiveCfg = Release|Any CPU
		{FF06DA76-4BC7-4320-8E4A-E5954E6A7191}.Release|Any CPU.Build.0 = Release|Any CPU
		{1474767A-7A98-4087-B7E2-CB10657A8EBF}.Debug|Any CPU.ActiveCfg = Debug|Any CPU
		{1474767A-7A98-4087-B7E2-CB10657A8EBF}.Debug|Any CPU.Build.0 = Debug|Any CPU
		{1474767A-7A98-4087-B7E2-CB10657A8EBF}.Release|Any CPU.ActiveCfg = Release|Any CPU
		{1474767A-7A98-4087-B7E2-CB10657A8EBF}.Release|Any CPU.Build.0 = Release|Any CPU
		{E10B3251-EA14-49C2-B43B-20F6C397ED32}.Debug|Any CPU.ActiveCfg = Debug|Any CPU
		{E10B3251-EA14-49C2-B43B-20F6C397ED32}.Debug|Any CPU.Build.0 = Debug|Any CPU
		{E10B3251-EA14-49C2-B43B-20F6C397ED32}.Release|Any CPU.ActiveCfg = Release|Any CPU
		{E10B3251-EA14-49C2-B43B-20F6C397ED32}.Release|Any CPU.Build.0 = Release|Any CPU
		{1C3C1CCC-162E-4ED0-90F2-CD9EA342D11F}.Debug|Any CPU.ActiveCfg = Debug|Any CPU
		{1C3C1CCC-162E-4ED0-90F2-CD9EA342D11F}.Debug|Any CPU.Build.0 = Debug|Any CPU
		{1C3C1CCC-162E-4ED0-90F2-CD9EA342D11F}.Release|Any CPU.ActiveCfg = Release|Any CPU
		{1C3C1CCC-162E-4ED0-90F2-CD9EA342D11F}.Release|Any CPU.Build.0 = Release|Any CPU
	EndGlobalSection
	GlobalSection(SolutionProperties) = preSolution
		HideSolutionNode = FALSE
	EndGlobalSection
	GlobalSection(NestedProjects) = preSolution
		{B9B989B1-B1AE-4977-8B59-3947586D38F6} = {06387A5D-5250-49F4-8B79-E868F806D0DA}
		{2D25701B-61AB-47CA-BB07-45BD2A2DD8C3} = {06387A5D-5250-49F4-8B79-E868F806D0DA}
		{6AF97347-3993-4F3C-9A14-7978C7BAFE6C} = {06387A5D-5250-49F4-8B79-E868F806D0DA}
		{FE3158DB-DB85-4032-8856-43050D9BA5F1} = {06387A5D-5250-49F4-8B79-E868F806D0DA}
		{438EDD1D-30B2-47CB-B5D4-AFDC37593CFA} = {06387A5D-5250-49F4-8B79-E868F806D0DA}
		{15503CDF-7117-49E2-BA62-86AAC87D27F1} = {06387A5D-5250-49F4-8B79-E868F806D0DA}
		{358A3239-892D-46DF-9D24-8595A5105DE2} = {06387A5D-5250-49F4-8B79-E868F806D0DA}
		{36DD4A3E-F3D3-4C23-914B-4D93D5391318} = {06387A5D-5250-49F4-8B79-E868F806D0DA}
		{2E736775-C935-4B18-A80E-A3280E46EF8F} = {B6926AD0-CB9E-48CA-A4C6-E94867CC57A0}
		{2F929B95-88CD-485F-A2EA-AD13D7BF7CBE} = {B6926AD0-CB9E-48CA-A4C6-E94867CC57A0}
		{E5F98A98-F347-4F9B-B6F5-FB1EA300E7EB} = {B6926AD0-CB9E-48CA-A4C6-E94867CC57A0}
		{653958C2-A843-42CC-AE7A-1B18343A9DBA} = {805C9AAE-C80B-4E93-BA5B-927A0C9E5C78}
		{64A7A4D0-032C-439A-9D90-A8014AB21D37} = {805C9AAE-C80B-4E93-BA5B-927A0C9E5C78}
		{FAA37821-DB61-423B-AF16-867996C38A0C} = {805C9AAE-C80B-4E93-BA5B-927A0C9E5C78}
		{E84D1B1C-3676-4685-89EE-F1BE6F4D9F3A} = {805C9AAE-C80B-4E93-BA5B-927A0C9E5C78}
		{96A91B1C-E53B-40A0-9B29-EE0F5FDEFBB3} = {805C9AAE-C80B-4E93-BA5B-927A0C9E5C78}
		{027B9AB9-9F8F-4C19-AF84-E8E338EF4CDB} = {805C9AAE-C80B-4E93-BA5B-927A0C9E5C78}
		{0B81D02A-5F40-4771-9888-FC161D3FE8F0} = {7011A0D2-1F03-4E43-B121-17B3676EA63C}
		{77F7C169-BD94-4DEA-850F-41C087D4F152} = {7011A0D2-1F03-4E43-B121-17B3676EA63C}
		{FF06DA76-4BC7-4320-8E4A-E5954E6A7191} = {7011A0D2-1F03-4E43-B121-17B3676EA63C}
		{1474767A-7A98-4087-B7E2-CB10657A8EBF} = {910EF695-9A17-4246-B23D-0CB120B3050A}
		{E10B3251-EA14-49C2-B43B-20F6C397ED32} = {910EF695-9A17-4246-B23D-0CB120B3050A}
		{1C3C1CCC-162E-4ED0-90F2-CD9EA342D11F} = {910EF695-9A17-4246-B23D-0CB120B3050A}
	EndGlobalSection
	GlobalSection(ExtensibilityGlobals) = postSolution
		SolutionGuid = {525EB716-679F-417E-9E63-9D19F0094E24}
	EndGlobalSection
EndGlobal
